
Microsoft Visual Studio Solution File, Format Version 12.00
# Visual Studio Version 17
VisualStudioVersion = 17.11.35327.3
MinimumVisualStudioVersion = 10.0.40219.1
Project("{FAE04EC0-301F-11D3-BF4B-00C04F79EFBC}") = "HaziDoga_1013", "HaziDoga_1013\HaziDoga_1013.csproj", "{BC67F8FC-C9C0-4F90-A159-2FD6DA1FA758}"
EndProject
Global
	GlobalSection(SolutionConfigurationPlatforms) = preSolution
		Debug|Any CPU = Debug|Any CPU
		Release|Any CPU = Release|Any CPU
	EndGlobalSection
	GlobalSection(ProjectConfigurationPlatforms) = postSolution
		{BC67F8FC-C9C0-4F90-A159-2FD6DA1FA758}.Debug|Any CPU.ActiveCfg = Debug|Any CPU
		{BC67F8FC-C9C0-4F90-A159-2FD6DA1FA758}.Debug|Any CPU.Build.0 = Debug|Any CPU
		{BC67F8FC-C9C0-4F90-A159-2FD6DA1FA758}.Release|Any CPU.ActiveCfg = Release|Any CPU
		{BC67F8FC-C9C0-4F90-A159-2FD6DA1FA758}.Release|Any CPU.Build.0 = Release|Any CPU
	EndGlobalSection
	GlobalSection(SolutionProperties) = preSolution
		HideSolutionNode = FALSE
	EndGlobalSection
	GlobalSection(ExtensibilityGlobals) = postSolution
		SolutionGuid = {E25CF2A1-F8B2-43AC-A3BB-9C2E650A190D}
	EndGlobalSection
EndGlobal
